
Microsoft Visual Studio Solution File, Format Version 12.00
# Visual Studio Version 17
VisualStudioVersion = 17.3.32922.545
MinimumVisualStudioVersion = 10.0.40219.1
Project("{FAE04EC0-301F-11D3-BF4B-00C04F79EFBC}") = "GameStore2", "GameStore2\GameStore2.csproj", "{04FEFBCE-265E-45EC-9A3B-C3F97A8C8D7B}"
EndProject
Global
	GlobalSection(SolutionConfigurationPlatforms) = preSolution
		Debug|Any CPU = Debug|Any CPU
		Release|Any CPU = Release|Any CPU
	EndGlobalSection
	GlobalSection(ProjectConfigurationPlatforms) = postSolution
		{04FEFBCE-265E-45EC-9A3B-C3F97A8C8D7B}.Debug|Any CPU.ActiveCfg = Debug|Any CPU
		{04FEFBCE-265E-45EC-9A3B-C3F97A8C8D7B}.Debug|Any CPU.Build.0 = Debug|Any CPU
		{04FEFBCE-265E-45EC-9A3B-C3F97A8C8D7B}.Release|Any CPU.ActiveCfg = Release|Any CPU
		{04FEFBCE-265E-45EC-9A3B-C3F97A8C8D7B}.Release|Any CPU.Build.0 = Release|Any CPU
	EndGlobalSection
	GlobalSection(SolutionProperties) = preSolution
		HideSolutionNode = FALSE
	EndGlobalSection
	GlobalSection(ExtensibilityGlobals) = postSolution
		SolutionGuid = {9CF659C8-A18D-4E60-9120-43D38CEE5F96}
	EndGlobalSection
EndGlobal
